
Microsoft Visual Studio Solution File, Format Version 12.00
# Visual Studio Version 17
VisualStudioVersion = 17.13.35617.110
MinimumVisualStudioVersion = 10.0.40219.1
Project("{FAE04EC0-301F-11D3-BF4B-00C04F79EFBC}") = "PageInteractivity", "PageInteractivity\PageInteractivity.csproj", "{6467196A-8CBF-D33C-41C4-DECFD75DF315}"
EndProject
Project("{FAE04EC0-301F-11D3-BF4B-00C04F79EFBC}") = "SharedLibrary", "SharedLibrary\SharedLibrary.csproj", "{982633EF-56FF-46E4-BE4E-DE034504211E}"
EndProject
Project("{FAE04EC0-301F-11D3-BF4B-00C04F79EFBC}") = "ScaffoldModel", "ScaffoldModel\ScaffoldModel.csproj", "{FECB66B0-23BE-4632-8DD1-DBC077F8FFCE}"
EndProject
Project("{FAE04EC0-301F-11D3-BF4B-00C04F79EFBC}") = "BlazorjQueryEffect", "BlazorjQueryEffect\BlazorjQueryEffect.csproj", "{B63855B6-B4E8-4A8C-A4DD-B5A4FA1F162D}"
EndProject
Global
	GlobalSection(SolutionConfigurationPlatforms) = preSolution
		Debug|Any CPU = Debug|Any CPU
		Release|Any CPU = Release|Any CPU
	EndGlobalSection
	GlobalSection(ProjectConfigurationPlatforms) = postSolution
		{6467196A-8CBF-D33C-41C4-DECFD75DF315}.Debug|Any CPU.ActiveCfg = Debug|Any CPU
		{6467196A-8CBF-D33C-41C4-DECFD75DF315}.Debug|Any CPU.Build.0 = Debug|Any CPU
		{6467196A-8CBF-D33C-41C4-DECFD75DF315}.Release|Any CPU.ActiveCfg = Release|Any CPU
		{6467196A-8CBF-D33C-41C4-DECFD75DF315}.Release|Any CPU.Build.0 = Release|Any CPU
		{982633EF-56FF-46E4-BE4E-DE034504211E}.Debug|Any CPU.ActiveCfg = Debug|Any CPU
		{982633EF-56FF-46E4-BE4E-DE034504211E}.Debug|Any CPU.Build.0 = Debug|Any CPU
		{982633EF-56FF-46E4-BE4E-DE034504211E}.Release|Any CPU.ActiveCfg = Release|Any CPU
		{982633EF-56FF-46E4-BE4E-DE034504211E}.Release|Any CPU.Build.0 = Release|Any CPU
		{FECB66B0-23BE-4632-8DD1-DBC077F8FFCE}.Debug|Any CPU.ActiveCfg = Debug|Any CPU
		{FECB66B0-23BE-4632-8DD1-DBC077F8FFCE}.Debug|Any CPU.Build.0 = Debug|Any CPU
		{FECB66B0-23BE-4632-8DD1-DBC077F8FFCE}.Release|Any CPU.ActiveCfg = Release|Any CPU
		{FECB66B0-23BE-4632-8DD1-DBC077F8FFCE}.Release|Any CPU.Build.0 = Release|Any CPU
		{B63855B6-B4E8-4A8C-A4DD-B5A4FA1F162D}.Debug|Any CPU.ActiveCfg = Debug|Any CPU
		{B63855B6-B4E8-4A8C-A4DD-B5A4FA1F162D}.Debug|Any CPU.Build.0 = Debug|Any CPU
		{B63855B6-B4E8-4A8C-A4DD-B5A4FA1F162D}.Release|Any CPU.ActiveCfg = Release|Any CPU
		{B63855B6-B4E8-4A8C-A4DD-B5A4FA1F162D}.Release|Any CPU.Build.0 = Release|Any CPU
	EndGlobalSection
	GlobalSection(SolutionProperties) = preSolution
		HideSolutionNode = FALSE
	EndGlobalSection
	GlobalSection(ExtensibilityGlobals) = postSolution
		SolutionGuid = {AD6E042A-F84F-4F28-BF6F-78378C66697B}
	EndGlobalSection
EndGlobal
